// !$*UTF8*$!
{
	archiveVersion = 1;
	classes = {
	};
	objectVersion = 50;
	objects = {

/* Begin PBXBuildFile section */
		5CCA639C25466A6B0095B517 /* FruitsApp.swift in Sources */ = {isa = PBXBuildFile; fileRef = 5CCA639B25466A6B0095B517 /* FruitsApp.swift */; };
		5CCA639E25466A6B0095B517 /* ContentView.swift in Sources */ = {isa = PBXBuildFile; fileRef = 5CCA639D25466A6B0095B517 /* ContentView.swift */; };
		5CCA63A025466A6D0095B517 /* Assets.xcassets in Resources */ = {isa = PBXBuildFile; fileRef = 5CCA639F25466A6D0095B517 /* Assets.xcassets */; };
		5CCA63A325466A6D0095B517 /* Preview Assets.xcassets in Resources */ = {isa = PBXBuildFile; fileRef = 5CCA63A225466A6D0095B517 /* Preview Assets.xcassets */; };
		5CCA63B025466E480095B517 /* FruitCardView.swift in Sources */ = {isa = PBXBuildFile; fileRef = 5CCA63AF25466E480095B517 /* FruitCardView.swift */; };
		5CCA63B4254673B20095B517 /* StartButtonView.swift in Sources */ = {isa = PBXBuildFile; fileRef = 5CCA63B3254673B20095B517 /* StartButtonView.swift */; };
		5CCA63B72546773F0095B517 /* OnBoardingView.swift in Sources */ = {isa = PBXBuildFile; fileRef = 5CCA63B62546773F0095B517 /* OnBoardingView.swift */; };
		5CCA63BB25467BA50095B517 /* FruitModel.swift in Sources */ = {isa = PBXBuildFile; fileRef = 5CCA63BA25467BA50095B517 /* FruitModel.swift */; };
		5CCA63C025467DEC0095B517 /* FruitData.swift in Sources */ = {isa = PBXBuildFile; fileRef = 5CCA63BF25467DEC0095B517 /* FruitData.swift */; };
/* End PBXBuildFile section */

/* Begin PBXFileReference section */
		5CCA639825466A6B0095B517 /* Fruits.app */ = {isa = PBXFileReference; explicitFileType = wrapper.application; includeInIndex = 0; path = Fruits.app; sourceTree = BUILT_PRODUCTS_DIR; };
		5CCA639B25466A6B0095B517 /* FruitsApp.swift */ = {isa = PBXFileReference; lastKnownFileType = sourcecode.swift; path = FruitsApp.swift; sourceTree = "<group>"; };
		5CCA639D25466A6B0095B517 /* ContentView.swift */ = {isa = PBXFileReference; lastKnownFileType = sourcecode.swift; path = ContentView.swift; sourceTree = "<group>"; };
		5CCA639F25466A6D0095B517 /* Assets.xcassets */ = {isa = PBXFileReference; lastKnownFileType = folder.assetcatalog; path = Assets.xcassets; sourceTree = "<group>"; };
		5CCA63A225466A6D0095B517 /* Preview Assets.xcassets */ = {isa = PBXFileReference; lastKnownFileType = folder.assetcatalog; path = "Preview Assets.xcassets"; sourceTree = "<group>"; };
		5CCA63A425466A6D0095B517 /* Info.plist */ = {isa = PBXFileReference; lastKnownFileType = text.plist.xml; path = Info.plist; sourceTree = "<group>"; };
		5CCA63AF25466E480095B517 /* FruitCardView.swift */ = {isa = PBXFileReference; lastKnownFileType = sourcecode.swift; path = FruitCardView.swift; sourceTree = "<group>"; };
		5CCA63B3254673B20095B517 /* StartButtonView.swift */ = {isa = PBXFileReference; lastKnownFileType = sourcecode.swift; path = StartButtonView.swift; sourceTree = "<group>"; };
		5CCA63B62546773F0095B517 /* OnBoardingView.swift */ = {isa = PBXFileReference; lastKnownFileType = sourcecode.swift; path = OnBoardingView.swift; sourceTree = "<group>"; };
		5CCA63BA25467BA50095B517 /* FruitModel.swift */ = {isa = PBXFileReference; lastKnownFileType = sourcecode.swift; path = FruitModel.swift; sourceTree = "<group>"; };
		5CCA63BF25467DEC0095B517 /* FruitData.swift */ = {isa = PBXFileReference; lastKnownFileType = sourcecode.swift; path = FruitData.swift; sourceTree = "<group>"; };
/* End PBXFileReference section */

/* Begin PBXFrameworksBuildPhase section */
		5CCA639525466A6B0095B517 /* Frameworks */ = {
			isa = PBXFrameworksBuildPhase;
			buildActionMask = 2147483647;
			files = (
			);
			runOnlyForDeploymentPostprocessing = 0;
		};
/* End PBXFrameworksBuildPhase section */

/* Begin PBXGroup section */
		5CCA638F25466A6B0095B517 = {
			isa = PBXGroup;
			children = (
				5CCA639A25466A6B0095B517 /* Fruits */,
				5CCA639925466A6B0095B517 /* Products */,
			);
			sourceTree = "<group>";
		};
		5CCA639925466A6B0095B517 /* Products */ = {
			isa = PBXGroup;
			children = (
				5CCA639825466A6B0095B517 /* Fruits.app */,
			);
			name = Products;
			sourceTree = "<group>";
		};
		5CCA639A25466A6B0095B517 /* Fruits */ = {
			isa = PBXGroup;
			children = (
				5CCA63BE25467DD80095B517 /* Data */,
				5CCA63B925467B8C0095B517 /* Model */,
				5CCA63AE25466E1C0095B517 /* View */,
				5CCA63AC25466DE70095B517 /* App */,
				5CCA639F25466A6D0095B517 /* Assets.xcassets */,
				5CCA63A425466A6D0095B517 /* Info.plist */,
				5CCA63A125466A6D0095B517 /* Preview Content */,
			);
			path = Fruits;
			sourceTree = "<group>";
		};
		5CCA63A125466A6D0095B517 /* Preview Content */ = {
			isa = PBXGroup;
			children = (
				5CCA63A225466A6D0095B517 /* Preview Assets.xcassets */,
			);
			path = "Preview Content";
			sourceTree = "<group>";
		};
		5CCA63AC25466DE70095B517 /* App */ = {
			isa = PBXGroup;
			children = (
				5CCA639B25466A6B0095B517 /* FruitsApp.swift */,
				5CCA639D25466A6B0095B517 /* ContentView.swift */,
				5CCA63B62546773F0095B517 /* OnBoardingView.swift */,
			);
			path = App;
			sourceTree = "<group>";
		};
		5CCA63AE25466E1C0095B517 /* View */ = {
			isa = PBXGroup;
			children = (
				5CCA63AF25466E480095B517 /* FruitCardView.swift */,
				5CCA63B3254673B20095B517 /* StartButtonView.swift */,
			);
			path = View;
			sourceTree = "<group>";
		};
		5CCA63B925467B8C0095B517 /* Model */ = {
			isa = PBXGroup;
			children = (
				5CCA63BA25467BA50095B517 /* FruitModel.swift */,
			);
			path = Model;
			sourceTree = "<group>";
		};
		5CCA63BE25467DD80095B517 /* Data */ = {
			isa = PBXGroup;
			children = (
				5CCA63BF25467DEC0095B517 /* FruitData.swift */,
			);
			path = Data;
			sourceTree = "<group>";
		};
/* End PBXGroup section */

/* Begin PBXNativeTarget section */
		5CCA639725466A6B0095B517 /* Fruits */ = {
			isa = PBXNativeTarget;
			buildConfigurationList = 5CCA63A725466A6D0095B517 /* Build configuration list for PBXNativeTarget "Fruits" */;
			buildPhases = (
				5CCA639425466A6B0095B517 /* Sources */,
				5CCA639525466A6B0095B517 /* Frameworks */,
				5CCA639625466A6B0095B517 /* Resources */,
			);
			buildRules = (
			);
			dependencies = (
			);
			name = Fruits;
			productName = Fruits;
			productReference = 5CCA639825466A6B0095B517 /* Fruits.app */;
			productType = "com.apple.product-type.application";
		};
/* End PBXNativeTarget section */

/* Begin PBXProject section */
		5CCA639025466A6B0095B517 /* Project object */ = {
			isa = PBXProject;
			attributes = {
				LastSwiftUpdateCheck = 1210;
				LastUpgradeCheck = 1210;
				TargetAttributes = {
					5CCA639725466A6B0095B517 = {
						CreatedOnToolsVersion = 12.1;
					};
				};
			};
			buildConfigurationList = 5CCA639325466A6B0095B517 /* Build configuration list for PBXProject "Fruits" */;
			compatibilityVersion = "Xcode 9.3";
			developmentRegion = en;
			hasScannedForEncodings = 0;
			knownRegions = (
				en,
				Base,
			);
			mainGroup = 5CCA638F25466A6B0095B517;
			productRefGroup = 5CCA639925466A6B0095B517 /* Products */;
			projectDirPath = "";
			projectRoot = "";
			targets = (
				5CCA639725466A6B0095B517 /* Fruits */,
			);
		};
/* End PBXProject section */

/* Begin PBXResourcesBuildPhase section */
		5CCA639625466A6B0095B517 /* Resources */ = {
			isa = PBXResourcesBuildPhase;
			buildActionMask = 2147483647;
			files = (
				5CCA63A325466A6D0095B517 /* Preview Assets.xcassets in Resources */,
				5CCA63A025466A6D0095B517 /* Assets.xcassets in Resources */,
			);
			runOnlyForDeploymentPostprocessing = 0;
		};
/* End PBXResourcesBuildPhase section */

/* Begin PBXSourcesBuildPhase section */
		5CCA639425466A6B0095B517 /* Sources */ = {
			isa = PBXSourcesBuildPhase;
			buildActionMask = 2147483647;
			files = (
				5CCA63C025467DEC0095B517 /* FruitData.swift in Sources */,
				5CCA63B025466E480095B517 /* FruitCardView.swift in Sources */,
				5CCA63B4254673B20095B517 /* StartButtonView.swift in Sources */,
				5CCA639E25466A6B0095B517 /* ContentView.swift in Sources */,
				5CCA63B72546773F0095B517 /* OnBoardingView.swift in Sources */,
				5CCA63BB25467BA50095B517 /* FruitModel.swift in Sources */,
				5CCA639C25466A6B0095B517 /* FruitsApp.swift in Sources */,
			);
			runOnlyForDeploymentPostprocessing = 0;
		};
/* End PBXSourcesBuildPhase section */

/* Begin XCBuildConfiguration section */
		5CCA63A525466A6D0095B517 /* Debug */ = {
			isa = XCBuildConfiguration;
			buildSettings = {
				ALWAYS_SEARCH_USER_PATHS = NO;
				CLANG_ANALYZER_NONNULL = YES;
				CLANG_ANALYZER_NUMBER_OBJECT_CONVERSION = YES_AGGRESSIVE;
				CLANG_CXX_LANGUAGE_STANDARD = "gnu++14";
				CLANG_CXX_LIBRARY = "libc++";
				CLANG_ENABLE_MODULES = YES;
				CLANG_ENABLE_OBJC_ARC = YES;
				CLANG_ENABLE_OBJC_WEAK = YES;
				CLANG_WARN_BLOCK_CAPTURE_AUTORELEASING = YES;
				CLANG_WARN_BOOL_CONVERSION = YES;
				CLANG_WARN_COMMA = YES;
				CLANG_WARN_CONSTANT_CONVERSION = YES;
				CLANG_WARN_DEPRECATED_OBJC_IMPLEMENTATIONS = YES;
				CLANG_WARN_DIRECT_OBJC_ISA_USAGE = YES_ERROR;
				CLANG_WARN_DOCUMENTATION_COMMENTS = YES;
				CLANG_WARN_EMPTY_BODY = YES;
				CLANG_WARN_ENUM_CONVERSION = YES;
				CLANG_WARN_INFINITE_RECURSION = YES;
				CLANG_WARN_INT_CONVERSION = YES;
				CLANG_WARN_NON_LITERAL_NULL_CONVERSION = YES;
				CLANG_WARN_OBJC_IMPLICIT_RETAIN_SELF = YES;
				CLANG_WARN_OBJC_LITERAL_CONVERSION = YES;
				CLANG_WARN_OBJC_ROOT_CLASS = YES_ERROR;
				CLANG_WARN_QUOTED_INCLUDE_IN_FRAMEWORK_HEADER = YES;
				CLANG_WARN_RANGE_LOOP_ANALYSIS = YES;
				CLANG_WARN_STRICT_PROTOTYPES = YES;
				CLANG_WARN_SUSPICIOUS_MOVE = YES;
				CLANG_WARN_UNGUARDED_AVAILABILITY = YES_AGGRESSIVE;
				CLANG_WARN_UNREACHABLE_CODE = YES;
				CLANG_WARN__DUPLICATE_METHOD_MATCH = YES;
				COPY_PHASE_STRIP = NO;
				DEBUG_INFORMATION_FORMAT = dwarf;
				ENABLE_STRICT_OBJC_MSGSEND = YES;
				ENABLE_TESTABILITY = YES;
				GCC_C_LANGUAGE_STANDARD = gnu11;
				GCC_DYNAMIC_NO_PIC = NO;
				GCC_NO_COMMON_BLOCKS = YES;
				GCC_OPTIMIZATION_LEVEL = 0;
				GCC_PREPROCESSOR_DEFINITIONS = (
					"DEBUG=1",
					"$(inherited)",
				);
				GCC_WARN_64_TO_32_BIT_CONVERSION = YES;
				GCC_WARN_ABOUT_RETURN_TYPE = YES_ERROR;
				GCC_WARN_UNDECLARED_SELECTOR = YES;
				GCC_WARN_UNINITIALIZED_AUTOS = YES_AGGRESSIVE;
				GCC_WARN_UNUSED_FUNCTION = YES;
				GCC_WARN_UNUSED_VARIABLE = YES;
				IPHONEOS_DEPLOYMENT_TARGET = 14.1;
				MTL_ENABLE_DEBUG_INFO = INCLUDE_SOURCE;
				MTL_FAST_MATH = YES;
				ONLY_ACTIVE_ARCH = YES;
				SDKROOT = iphoneos;
				SWIFT_ACTIVE_COMPILATION_CONDITIONS = DEBUG;
				SWIFT_OPTIMIZATION_LEVEL = "-Onone";
			};
			name = Debug;
		};
		5CCA63A625466A6D0095B517 /* Release */ = {
			isa = XCBuildConfiguration;
			buildSettings = {
				ALWAYS_SEARCH_USER_PATHS = NO;
				CLANG_ANALYZER_NONNULL = YES;
				CLANG_ANALYZER_NUMBER_OBJECT_CONVERSION = YES_AGGRESSIVE;
				CLANG_CXX_LANGUAGE_STANDARD = "gnu++14";
				CLANG_CXX_LIBRARY = "libc++";
				CLANG_ENABLE_MODULES = YES;
				CLANG_ENABLE_OBJC_ARC = YES;
				CLANG_ENABLE_OBJC_WEAK = YES;
				CLANG_WARN_BLOCK_CAPTURE_AUTORELEASING = YES;
				CLANG_WARN_BOOL_CONVERSION = YES;
				CLANG_WARN_COMMA = YES;
				CLANG_WARN_CONSTANT_CONVERSION = YES;
				CLANG_WARN_DEPRECATED_OBJC_IMPLEMENTATIONS = YES;
				CLANG_WARN_DIRECT_OBJC_ISA_USAGE = YES_ERROR;
				CLANG_WARN_DOCUMENTATION_COMMENTS = YES;
				CLANG_WARN_EMPTY_BODY = YES;
				CLANG_WARN_ENUM_CONVERSION = YES;
				CLANG_WARN_INFINITE_RECURSION = YES;
				CLANG_WARN_INT_CONVERSION = YES;
				CLANG_WARN_NON_LITERAL_NULL_CONVERSION = YES;
				CLANG_WARN_OBJC_IMPLICIT_RETAIN_SELF = YES;
				CLANG_WARN_OBJC_LITERAL_CONVERSION = YES;
				CLANG_WARN_OBJC_ROOT_CLASS = YES_ERROR;
				CLANG_WARN_QUOTED_INCLUDE_IN_FRAMEWORK_HEADER = YES;
				CLANG_WARN_RANGE_LOOP_ANALYSIS = YES;
				CLANG_WARN_STRICT_PROTOTYPES = YES;
				CLANG_WARN_SUSPICIOUS_MOVE = YES;
				CLANG_WARN_UNGUARDED_AVAILABILITY = YES_AGGRESSIVE;
				CLANG_WARN_UNREACHABLE_CODE = YES;
				CLANG_WARN__DUPLICATE_METHOD_MATCH = YES;
				COPY_PHASE_STRIP = NO;
				DEBUG_INFORMATION_FORMAT = "dwarf-with-dsym";
				ENABLE_NS_ASSERTIONS = NO;
				ENABLE_STRICT_OBJC_MSGSEND = YES;
				GCC_C_LANGUAGE_STANDARD = gnu11;
				GCC_NO_COMMON_BLOCKS = YES;
				GCC_WARN_64_TO_32_BIT_CONVERSION = YES;
				GCC_WARN_ABOUT_RETURN_TYPE = YES_ERROR;
				GCC_WARN_UNDECLARED_SELECTOR = YES;
				GCC_WARN_UNINITIALIZED_AUTOS = YES_AGGRESSIVE;
				GCC_WARN_UNUSED_FUNCTION = YES;
				GCC_WARN_UNUSED_VARIABLE = YES;
				IPHONEOS_DEPLOYMENT_TARGET = 14.1;
				MTL_ENABLE_DEBUG_INFO = NO;
				MTL_FAST_MATH = YES;
				SDKROOT = iphoneos;
				SWIFT_COMPILATION_MODE = wholemodule;
				SWIFT_OPTIMIZATION_LEVEL = "-O";
				VALIDATE_PRODUCT = YES;
			};
			name = Release;
		};
		5CCA63A825466A6D0095B517 /* Debug */ = {
			isa = XCBuildConfiguration;
			buildSettings = {
				ASSETCATALOG_COMPILER_APPICON_NAME = AppIcon;
				ASSETCATALOG_COMPILER_GLOBAL_ACCENT_COLOR_NAME = AccentColor;
				CODE_SIGN_STYLE = Automatic;
				DEVELOPMENT_ASSET_PATHS = "\"Fruits/Preview Content\"";
				DEVELOPMENT_TEAM = J2L54M7A2G;
				ENABLE_PREVIEWS = YES;
				INFOPLIST_FILE = Fruits/Info.plist;
				IPHONEOS_DEPLOYMENT_TARGET = 14.0;
				LD_RUNPATH_SEARCH_PATHS = (
					"$(inherited)",
					"@executable_path/Frameworks",
				);
				PRODUCT_BUNDLE_IDENTIFIER = Julieth.Fruits;
				PRODUCT_NAME = "$(TARGET_NAME)";
				SWIFT_VERSION = 5.0;
				TARGETED_DEVICE_FAMILY = "1,2";
			};
			name = Debug;
		};
		5CCA63A925466A6D0095B517 /* Release */ = {
			isa = XCBuildConfiguration;
			buildSettings = {
				ASSETCATALOG_COMPILER_APPICON_NAME = AppIcon;
				ASSETCATALOG_COMPILER_GLOBAL_ACCENT_COLOR_NAME = AccentColor;
				CODE_SIGN_STYLE = Automatic;
				DEVELOPMENT_ASSET_PATHS = "\"Fruits/Preview Content\"";
				DEVELOPMENT_TEAM = J2L54M7A2G;
				ENABLE_PREVIEWS = YES;
				INFOPLIST_FILE = Fruits/Info.plist;
				IPHONEOS_DEPLOYMENT_TARGET = 14.0;
				LD_RUNPATH_SEARCH_PATHS = (
					"$(inherited)",
					"@executable_path/Frameworks",
				);
				PRODUCT_BUNDLE_IDENTIFIER = Julieth.Fruits;
				PRODUCT_NAME = "$(TARGET_NAME)";
				SWIFT_VERSION = 5.0;
				TARGETED_DEVICE_FAMILY = "1,2";
			};
			name = Release;
		};
/* End XCBuildConfiguration section */

/* Begin XCConfigurationList section */
		5CCA639325466A6B0095B517 /* Build configuration list for PBXProject "Fruits" */ = {
			isa = XCConfigurationList;
			buildConfigurations = (
				5CCA63A525466A6D0095B517 /* Debug */,
				5CCA63A625466A6D0095B517 /* Release */,
			);
			defaultConfigurationIsVisible = 0;
			defaultConfigurationName = Release;
		};
		5CCA63A725466A6D0095B517 /* Build configuration list for PBXNativeTarget "Fruits" */ = {
			isa = XCConfigurationList;
			buildConfigurations = (
				5CCA63A825466A6D0095B517 /* Debug */,
				5CCA63A925466A6D0095B517 /* Release */,
			);
			defaultConfigurationIsVisible = 0;
			defaultConfigurationName = Release;
		};
/* End XCConfigurationList section */
	};
	rootObject = 5CCA639025466A6B0095B517 /* Project object */;
}
