// !$*UTF8*$!
{
	archiveVersion = 1;
	classes = {
	};
	objectVersion = 50;
	objects = {

/* Begin PBXBuildFile section */
		5C1CBD7B25523F3200FC9EDE /* CountryApp.swift in Sources */ = {isa = PBXBuildFile; fileRef = 5C1CBD7A25523F3200FC9EDE /* CountryApp.swift */; };
		5C1CBD7D25523F3200FC9EDE /* ContentView.swift in Sources */ = {isa = PBXBuildFile; fileRef = 5C1CBD7C25523F3200FC9EDE /* ContentView.swift */; };
		5C1CBD7F25523F3500FC9EDE /* Assets.xcassets in Resources */ = {isa = PBXBuildFile; fileRef = 5C1CBD7E25523F3500FC9EDE /* Assets.xcassets */; };
		5C1CBD8225523F3500FC9EDE /* Preview Assets.xcassets in Resources */ = {isa = PBXBuildFile; fileRef = 5C1CBD8125523F3500FC9EDE /* Preview Assets.xcassets */; };
		5C1CBD952552479000FC9EDE /* elephant.mp4 in Resources */ = {isa = PBXBuildFile; fileRef = 5C1CBD8B2552478A00FC9EDE /* elephant.mp4 */; };
		5C1CBD962552479000FC9EDE /* hippo.mp4 in Resources */ = {isa = PBXBuildFile; fileRef = 5C1CBD8C2552478B00FC9EDE /* hippo.mp4 */; };
		5C1CBD972552479000FC9EDE /* lion.mp4 in Resources */ = {isa = PBXBuildFile; fileRef = 5C1CBD8D2552478B00FC9EDE /* lion.mp4 */; };
		5C1CBD982552479000FC9EDE /* giraffe.mp4 in Resources */ = {isa = PBXBuildFile; fileRef = 5C1CBD8E2552478C00FC9EDE /* giraffe.mp4 */; };
		5C1CBD992552479000FC9EDE /* gorilla.mp4 in Resources */ = {isa = PBXBuildFile; fileRef = 5C1CBD8F2552478C00FC9EDE /* gorilla.mp4 */; };
		5C1CBD9A2552479000FC9EDE /* cheetah.mp4 in Resources */ = {isa = PBXBuildFile; fileRef = 5C1CBD902552478D00FC9EDE /* cheetah.mp4 */; };
		5C1CBD9B2552479000FC9EDE /* lioness.mp4 in Resources */ = {isa = PBXBuildFile; fileRef = 5C1CBD912552478E00FC9EDE /* lioness.mp4 */; };
		5C1CBD9C2552479000FC9EDE /* ostrich.mp4 in Resources */ = {isa = PBXBuildFile; fileRef = 5C1CBD922552478E00FC9EDE /* ostrich.mp4 */; };
		5C1CBD9D2552479000FC9EDE /* rhino.mp4 in Resources */ = {isa = PBXBuildFile; fileRef = 5C1CBD932552478F00FC9EDE /* rhino.mp4 */; };
		5C1CBD9E2552479000FC9EDE /* zebra.mp4 in Resources */ = {isa = PBXBuildFile; fileRef = 5C1CBD942552479000FC9EDE /* zebra.mp4 */; };
		5C1CBDA5255247D800FC9EDE /* videos.json in Resources */ = {isa = PBXBuildFile; fileRef = 5C1CBDA1255247D700FC9EDE /* videos.json */; };
		5C1CBDA6255247D800FC9EDE /* animals.json in Resources */ = {isa = PBXBuildFile; fileRef = 5C1CBDA2255247D700FC9EDE /* animals.json */; };
		5C1CBDA7255247D800FC9EDE /* covers.json in Resources */ = {isa = PBXBuildFile; fileRef = 5C1CBDA3255247D800FC9EDE /* covers.json */; };
		5C1CBDA8255247D800FC9EDE /* locations.json in Resources */ = {isa = PBXBuildFile; fileRef = 5C1CBDA4255247D800FC9EDE /* locations.json */; };
		5C1CBDAD255249F400FC9EDE /* VideoListView.swift in Sources */ = {isa = PBXBuildFile; fileRef = 5C1CBDAC255249F400FC9EDE /* VideoListView.swift */; };
/* End PBXBuildFile section */

/* Begin PBXFileReference section */
		5C1CBD7725523F3200FC9EDE /* Country.app */ = {isa = PBXFileReference; explicitFileType = wrapper.application; includeInIndex = 0; path = Country.app; sourceTree = BUILT_PRODUCTS_DIR; };
		5C1CBD7A25523F3200FC9EDE /* CountryApp.swift */ = {isa = PBXFileReference; lastKnownFileType = sourcecode.swift; path = CountryApp.swift; sourceTree = "<group>"; };
		5C1CBD7C25523F3200FC9EDE /* ContentView.swift */ = {isa = PBXFileReference; lastKnownFileType = sourcecode.swift; path = ContentView.swift; sourceTree = "<group>"; };
		5C1CBD7E25523F3500FC9EDE /* Assets.xcassets */ = {isa = PBXFileReference; lastKnownFileType = folder.assetcatalog; path = Assets.xcassets; sourceTree = "<group>"; };
		5C1CBD8125523F3500FC9EDE /* Preview Assets.xcassets */ = {isa = PBXFileReference; lastKnownFileType = folder.assetcatalog; path = "Preview Assets.xcassets"; sourceTree = "<group>"; };
		5C1CBD8325523F3500FC9EDE /* Info.plist */ = {isa = PBXFileReference; lastKnownFileType = text.plist.xml; path = Info.plist; sourceTree = "<group>"; };
		5C1CBD8B2552478A00FC9EDE /* elephant.mp4 */ = {isa = PBXFileReference; lastKnownFileType = file; path = elephant.mp4; sourceTree = "<group>"; };
		5C1CBD8C2552478B00FC9EDE /* hippo.mp4 */ = {isa = PBXFileReference; lastKnownFileType = file; path = hippo.mp4; sourceTree = "<group>"; };
		5C1CBD8D2552478B00FC9EDE /* lion.mp4 */ = {isa = PBXFileReference; lastKnownFileType = file; path = lion.mp4; sourceTree = "<group>"; };
		5C1CBD8E2552478C00FC9EDE /* giraffe.mp4 */ = {isa = PBXFileReference; lastKnownFileType = file; path = giraffe.mp4; sourceTree = "<group>"; };
		5C1CBD8F2552478C00FC9EDE /* gorilla.mp4 */ = {isa = PBXFileReference; lastKnownFileType = file; path = gorilla.mp4; sourceTree = "<group>"; };
		5C1CBD902552478D00FC9EDE /* cheetah.mp4 */ = {isa = PBXFileReference; lastKnownFileType = file; path = cheetah.mp4; sourceTree = "<group>"; };
		5C1CBD912552478E00FC9EDE /* lioness.mp4 */ = {isa = PBXFileReference; lastKnownFileType = file; path = lioness.mp4; sourceTree = "<group>"; };
		5C1CBD922552478E00FC9EDE /* ostrich.mp4 */ = {isa = PBXFileReference; lastKnownFileType = file; path = ostrich.mp4; sourceTree = "<group>"; };
		5C1CBD932552478F00FC9EDE /* rhino.mp4 */ = {isa = PBXFileReference; lastKnownFileType = file; path = rhino.mp4; sourceTree = "<group>"; };
		5C1CBD942552479000FC9EDE /* zebra.mp4 */ = {isa = PBXFileReference; lastKnownFileType = file; path = zebra.mp4; sourceTree = "<group>"; };
		5C1CBDA1255247D700FC9EDE /* videos.json */ = {isa = PBXFileReference; fileEncoding = 4; lastKnownFileType = text.json; path = videos.json; sourceTree = "<group>"; };
		5C1CBDA2255247D700FC9EDE /* animals.json */ = {isa = PBXFileReference; fileEncoding = 4; lastKnownFileType = text.json; path = animals.json; sourceTree = "<group>"; };
		5C1CBDA3255247D800FC9EDE /* covers.json */ = {isa = PBXFileReference; fileEncoding = 4; lastKnownFileType = text.json; path = covers.json; sourceTree = "<group>"; };
		5C1CBDA4255247D800FC9EDE /* locations.json */ = {isa = PBXFileReference; fileEncoding = 4; lastKnownFileType = text.json; path = locations.json; sourceTree = "<group>"; };
		5C1CBDAC255249F400FC9EDE /* VideoListView.swift */ = {isa = PBXFileReference; lastKnownFileType = sourcecode.swift; path = VideoListView.swift; sourceTree = "<group>"; };
/* End PBXFileReference section */

/* Begin PBXFrameworksBuildPhase section */
		5C1CBD7425523F3200FC9EDE /* Frameworks */ = {
			isa = PBXFrameworksBuildPhase;
			buildActionMask = 2147483647;
			files = (
			);
			runOnlyForDeploymentPostprocessing = 0;
		};
/* End PBXFrameworksBuildPhase section */

/* Begin PBXGroup section */
		5C1CBD6E25523F3200FC9EDE = {
			isa = PBXGroup;
			children = (
				5C1CBD7925523F3200FC9EDE /* Country */,
				5C1CBD7825523F3200FC9EDE /* Products */,
			);
			sourceTree = "<group>";
		};
		5C1CBD7825523F3200FC9EDE /* Products */ = {
			isa = PBXGroup;
			children = (
				5C1CBD7725523F3200FC9EDE /* Country.app */,
			);
			name = Products;
			sourceTree = "<group>";
		};
		5C1CBD7925523F3200FC9EDE /* Country */ = {
			isa = PBXGroup;
			children = (
				5C1CBDAB255249AF00FC9EDE /* App */,
				5C1CBDA0255247C400FC9EDE /* Data */,
				5C1CBD8A2552476C00FC9EDE /* Videos */,
				5C1CBD7E25523F3500FC9EDE /* Assets.xcassets */,
				5C1CBD8325523F3500FC9EDE /* Info.plist */,
				5C1CBD8025523F3500FC9EDE /* Preview Content */,
			);
			path = Country;
			sourceTree = "<group>";
		};
		5C1CBD8025523F3500FC9EDE /* Preview Content */ = {
			isa = PBXGroup;
			children = (
				5C1CBD8125523F3500FC9EDE /* Preview Assets.xcassets */,
			);
			path = "Preview Content";
			sourceTree = "<group>";
		};
		5C1CBD8A2552476C00FC9EDE /* Videos */ = {
			isa = PBXGroup;
			children = (
				5C1CBD902552478D00FC9EDE /* cheetah.mp4 */,
				5C1CBD8B2552478A00FC9EDE /* elephant.mp4 */,
				5C1CBD8E2552478C00FC9EDE /* giraffe.mp4 */,
				5C1CBD8F2552478C00FC9EDE /* gorilla.mp4 */,
				5C1CBD8C2552478B00FC9EDE /* hippo.mp4 */,
				5C1CBD8D2552478B00FC9EDE /* lion.mp4 */,
				5C1CBD912552478E00FC9EDE /* lioness.mp4 */,
				5C1CBD922552478E00FC9EDE /* ostrich.mp4 */,
				5C1CBD932552478F00FC9EDE /* rhino.mp4 */,
				5C1CBD942552479000FC9EDE /* zebra.mp4 */,
			);
			path = Videos;
			sourceTree = "<group>";
		};
		5C1CBDA0255247C400FC9EDE /* Data */ = {
			isa = PBXGroup;
			children = (
				5C1CBDA2255247D700FC9EDE /* animals.json */,
				5C1CBDA3255247D800FC9EDE /* covers.json */,
				5C1CBDA4255247D800FC9EDE /* locations.json */,
				5C1CBDA1255247D700FC9EDE /* videos.json */,
			);
			path = Data;
			sourceTree = "<group>";
		};
		5C1CBDAB255249AF00FC9EDE /* App */ = {
			isa = PBXGroup;
			children = (
				5C1CBD7A25523F3200FC9EDE /* CountryApp.swift */,
				5C1CBD7C25523F3200FC9EDE /* ContentView.swift */,
				5C1CBDAC255249F400FC9EDE /* VideoListView.swift */,
			);
			path = App;
			sourceTree = "<group>";
		};
/* End PBXGroup section */

/* Begin PBXNativeTarget section */
		5C1CBD7625523F3200FC9EDE /* Country */ = {
			isa = PBXNativeTarget;
			buildConfigurationList = 5C1CBD8625523F3500FC9EDE /* Build configuration list for PBXNativeTarget "Country" */;
			buildPhases = (
				5C1CBD7325523F3200FC9EDE /* Sources */,
				5C1CBD7425523F3200FC9EDE /* Frameworks */,
				5C1CBD7525523F3200FC9EDE /* Resources */,
			);
			buildRules = (
			);
			dependencies = (
			);
			name = Country;
			productName = Country;
			productReference = 5C1CBD7725523F3200FC9EDE /* Country.app */;
			productType = "com.apple.product-type.application";
		};
/* End PBXNativeTarget section */

/* Begin PBXProject section */
		5C1CBD6F25523F3200FC9EDE /* Project object */ = {
			isa = PBXProject;
			attributes = {
				LastSwiftUpdateCheck = 1210;
				LastUpgradeCheck = 1210;
				TargetAttributes = {
					5C1CBD7625523F3200FC9EDE = {
						CreatedOnToolsVersion = 12.1;
					};
				};
			};
			buildConfigurationList = 5C1CBD7225523F3200FC9EDE /* Build configuration list for PBXProject "Country" */;
			compatibilityVersion = "Xcode 9.3";
			developmentRegion = en;
			hasScannedForEncodings = 0;
			knownRegions = (
				en,
				Base,
			);
			mainGroup = 5C1CBD6E25523F3200FC9EDE;
			productRefGroup = 5C1CBD7825523F3200FC9EDE /* Products */;
			projectDirPath = "";
			projectRoot = "";
			targets = (
				5C1CBD7625523F3200FC9EDE /* Country */,
			);
		};
/* End PBXProject section */

/* Begin PBXResourcesBuildPhase section */
		5C1CBD7525523F3200FC9EDE /* Resources */ = {
			isa = PBXResourcesBuildPhase;
			buildActionMask = 2147483647;
			files = (
				5C1CBD962552479000FC9EDE /* hippo.mp4 in Resources */,
				5C1CBD8225523F3500FC9EDE /* Preview Assets.xcassets in Resources */,
				5C1CBDA8255247D800FC9EDE /* locations.json in Resources */,
				5C1CBD9B2552479000FC9EDE /* lioness.mp4 in Resources */,
				5C1CBD982552479000FC9EDE /* giraffe.mp4 in Resources */,
				5C1CBDA5255247D800FC9EDE /* videos.json in Resources */,
				5C1CBD9E2552479000FC9EDE /* zebra.mp4 in Resources */,
				5C1CBD992552479000FC9EDE /* gorilla.mp4 in Resources */,
				5C1CBDA6255247D800FC9EDE /* animals.json in Resources */,
				5C1CBD9A2552479000FC9EDE /* cheetah.mp4 in Resources */,
				5C1CBD7F25523F3500FC9EDE /* Assets.xcassets in Resources */,
				5C1CBDA7255247D800FC9EDE /* covers.json in Resources */,
				5C1CBD972552479000FC9EDE /* lion.mp4 in Resources */,
				5C1CBD9C2552479000FC9EDE /* ostrich.mp4 in Resources */,
				5C1CBD9D2552479000FC9EDE /* rhino.mp4 in Resources */,
				5C1CBD952552479000FC9EDE /* elephant.mp4 in Resources */,
			);
			runOnlyForDeploymentPostprocessing = 0;
		};
/* End PBXResourcesBuildPhase section */

/* Begin PBXSourcesBuildPhase section */
		5C1CBD7325523F3200FC9EDE /* Sources */ = {
			isa = PBXSourcesBuildPhase;
			buildActionMask = 2147483647;
			files = (
				5C1CBD7D25523F3200FC9EDE /* ContentView.swift in Sources */,
				5C1CBD7B25523F3200FC9EDE /* CountryApp.swift in Sources */,
				5C1CBDAD255249F400FC9EDE /* VideoListView.swift in Sources */,
			);
			runOnlyForDeploymentPostprocessing = 0;
		};
/* End PBXSourcesBuildPhase section */

/* Begin XCBuildConfiguration section */
		5C1CBD8425523F3500FC9EDE /* Debug */ = {
			isa = XCBuildConfiguration;
			buildSettings = {
				ALWAYS_SEARCH_USER_PATHS = NO;
				CLANG_ANALYZER_NONNULL = YES;
				CLANG_ANALYZER_NUMBER_OBJECT_CONVERSION = YES_AGGRESSIVE;
				CLANG_CXX_LANGUAGE_STANDARD = "gnu++14";
				CLANG_CXX_LIBRARY = "libc++";
				CLANG_ENABLE_MODULES = YES;
				CLANG_ENABLE_OBJC_ARC = YES;
				CLANG_ENABLE_OBJC_WEAK = YES;
				CLANG_WARN_BLOCK_CAPTURE_AUTORELEASING = YES;
				CLANG_WARN_BOOL_CONVERSION = YES;
				CLANG_WARN_COMMA = YES;
				CLANG_WARN_CONSTANT_CONVERSION = YES;
				CLANG_WARN_DEPRECATED_OBJC_IMPLEMENTATIONS = YES;
				CLANG_WARN_DIRECT_OBJC_ISA_USAGE = YES_ERROR;
				CLANG_WARN_DOCUMENTATION_COMMENTS = YES;
				CLANG_WARN_EMPTY_BODY = YES;
				CLANG_WARN_ENUM_CONVERSION = YES;
				CLANG_WARN_INFINITE_RECURSION = YES;
				CLANG_WARN_INT_CONVERSION = YES;
				CLANG_WARN_NON_LITERAL_NULL_CONVERSION = YES;
				CLANG_WARN_OBJC_IMPLICIT_RETAIN_SELF = YES;
				CLANG_WARN_OBJC_LITERAL_CONVERSION = YES;
				CLANG_WARN_OBJC_ROOT_CLASS = YES_ERROR;
				CLANG_WARN_QUOTED_INCLUDE_IN_FRAMEWORK_HEADER = YES;
				CLANG_WARN_RANGE_LOOP_ANALYSIS = YES;
				CLANG_WARN_STRICT_PROTOTYPES = YES;
				CLANG_WARN_SUSPICIOUS_MOVE = YES;
				CLANG_WARN_UNGUARDED_AVAILABILITY = YES_AGGRESSIVE;
				CLANG_WARN_UNREACHABLE_CODE = YES;
				CLANG_WARN__DUPLICATE_METHOD_MATCH = YES;
				COPY_PHASE_STRIP = NO;
				DEBUG_INFORMATION_FORMAT = dwarf;
				ENABLE_STRICT_OBJC_MSGSEND = YES;
				ENABLE_TESTABILITY = YES;
				GCC_C_LANGUAGE_STANDARD = gnu11;
				GCC_DYNAMIC_NO_PIC = NO;
				GCC_NO_COMMON_BLOCKS = YES;
				GCC_OPTIMIZATION_LEVEL = 0;
				GCC_PREPROCESSOR_DEFINITIONS = (
					"DEBUG=1",
					"$(inherited)",
				);
				GCC_WARN_64_TO_32_BIT_CONVERSION = YES;
				GCC_WARN_ABOUT_RETURN_TYPE = YES_ERROR;
				GCC_WARN_UNDECLARED_SELECTOR = YES;
				GCC_WARN_UNINITIALIZED_AUTOS = YES_AGGRESSIVE;
				GCC_WARN_UNUSED_FUNCTION = YES;
				GCC_WARN_UNUSED_VARIABLE = YES;
				IPHONEOS_DEPLOYMENT_TARGET = 14.1;
				MTL_ENABLE_DEBUG_INFO = INCLUDE_SOURCE;
				MTL_FAST_MATH = YES;
				ONLY_ACTIVE_ARCH = YES;
				SDKROOT = iphoneos;
				SWIFT_ACTIVE_COMPILATION_CONDITIONS = DEBUG;
				SWIFT_OPTIMIZATION_LEVEL = "-Onone";
			};
			name = Debug;
		};
		5C1CBD8525523F3500FC9EDE /* Release */ = {
			isa = XCBuildConfiguration;
			buildSettings = {
				ALWAYS_SEARCH_USER_PATHS = NO;
				CLANG_ANALYZER_NONNULL = YES;
				CLANG_ANALYZER_NUMBER_OBJECT_CONVERSION = YES_AGGRESSIVE;
				CLANG_CXX_LANGUAGE_STANDARD = "gnu++14";
				CLANG_CXX_LIBRARY = "libc++";
				CLANG_ENABLE_MODULES = YES;
				CLANG_ENABLE_OBJC_ARC = YES;
				CLANG_ENABLE_OBJC_WEAK = YES;
				CLANG_WARN_BLOCK_CAPTURE_AUTORELEASING = YES;
				CLANG_WARN_BOOL_CONVERSION = YES;
				CLANG_WARN_COMMA = YES;
				CLANG_WARN_CONSTANT_CONVERSION = YES;
				CLANG_WARN_DEPRECATED_OBJC_IMPLEMENTATIONS = YES;
				CLANG_WARN_DIRECT_OBJC_ISA_USAGE = YES_ERROR;
				CLANG_WARN_DOCUMENTATION_COMMENTS = YES;
				CLANG_WARN_EMPTY_BODY = YES;
				CLANG_WARN_ENUM_CONVERSION = YES;
				CLANG_WARN_INFINITE_RECURSION = YES;
				CLANG_WARN_INT_CONVERSION = YES;
				CLANG_WARN_NON_LITERAL_NULL_CONVERSION = YES;
				CLANG_WARN_OBJC_IMPLICIT_RETAIN_SELF = YES;
				CLANG_WARN_OBJC_LITERAL_CONVERSION = YES;
				CLANG_WARN_OBJC_ROOT_CLASS = YES_ERROR;
				CLANG_WARN_QUOTED_INCLUDE_IN_FRAMEWORK_HEADER = YES;
				CLANG_WARN_RANGE_LOOP_ANALYSIS = YES;
				CLANG_WARN_STRICT_PROTOTYPES = YES;
				CLANG_WARN_SUSPICIOUS_MOVE = YES;
				CLANG_WARN_UNGUARDED_AVAILABILITY = YES_AGGRESSIVE;
				CLANG_WARN_UNREACHABLE_CODE = YES;
				CLANG_WARN__DUPLICATE_METHOD_MATCH = YES;
				COPY_PHASE_STRIP = NO;
				DEBUG_INFORMATION_FORMAT = "dwarf-with-dsym";
				ENABLE_NS_ASSERTIONS = NO;
				ENABLE_STRICT_OBJC_MSGSEND = YES;
				GCC_C_LANGUAGE_STANDARD = gnu11;
				GCC_NO_COMMON_BLOCKS = YES;
				GCC_WARN_64_TO_32_BIT_CONVERSION = YES;
				GCC_WARN_ABOUT_RETURN_TYPE = YES_ERROR;
				GCC_WARN_UNDECLARED_SELECTOR = YES;
				GCC_WARN_UNINITIALIZED_AUTOS = YES_AGGRESSIVE;
				GCC_WARN_UNUSED_FUNCTION = YES;
				GCC_WARN_UNUSED_VARIABLE = YES;
				IPHONEOS_DEPLOYMENT_TARGET = 14.1;
				MTL_ENABLE_DEBUG_INFO = NO;
				MTL_FAST_MATH = YES;
				SDKROOT = iphoneos;
				SWIFT_COMPILATION_MODE = wholemodule;
				SWIFT_OPTIMIZATION_LEVEL = "-O";
				VALIDATE_PRODUCT = YES;
			};
			name = Release;
		};
		5C1CBD8725523F3500FC9EDE /* Debug */ = {
			isa = XCBuildConfiguration;
			buildSettings = {
				ASSETCATALOG_COMPILER_APPICON_NAME = AppIcon;
				ASSETCATALOG_COMPILER_GLOBAL_ACCENT_COLOR_NAME = AccentColor;
				CODE_SIGN_STYLE = Automatic;
				DEVELOPMENT_ASSET_PATHS = "\"Country/Preview Content\"";
				DEVELOPMENT_TEAM = J2L54M7A2G;
				ENABLE_PREVIEWS = YES;
				INFOPLIST_FILE = Country/Info.plist;
				IPHONEOS_DEPLOYMENT_TARGET = 14.0;
				LD_RUNPATH_SEARCH_PATHS = (
					"$(inherited)",
					"@executable_path/Frameworks",
				);
				PRODUCT_BUNDLE_IDENTIFIER = Julieth.Country;
				PRODUCT_NAME = "$(TARGET_NAME)";
				SWIFT_VERSION = 5.0;
				TARGETED_DEVICE_FAMILY = "1,2";
			};
			name = Debug;
		};
		5C1CBD8825523F3500FC9EDE /* Release */ = {
			isa = XCBuildConfiguration;
			buildSettings = {
				ASSETCATALOG_COMPILER_APPICON_NAME = AppIcon;
				ASSETCATALOG_COMPILER_GLOBAL_ACCENT_COLOR_NAME = AccentColor;
				CODE_SIGN_STYLE = Automatic;
				DEVELOPMENT_ASSET_PATHS = "\"Country/Preview Content\"";
				DEVELOPMENT_TEAM = J2L54M7A2G;
				ENABLE_PREVIEWS = YES;
				INFOPLIST_FILE = Country/Info.plist;
				IPHONEOS_DEPLOYMENT_TARGET = 14.0;
				LD_RUNPATH_SEARCH_PATHS = (
					"$(inherited)",
					"@executable_path/Frameworks",
				);
				PRODUCT_BUNDLE_IDENTIFIER = Julieth.Country;
				PRODUCT_NAME = "$(TARGET_NAME)";
				SWIFT_VERSION = 5.0;
				TARGETED_DEVICE_FAMILY = "1,2";
			};
			name = Release;
		};
/* End XCBuildConfiguration section */

/* Begin XCConfigurationList section */
		5C1CBD7225523F3200FC9EDE /* Build configuration list for PBXProject "Country" */ = {
			isa = XCConfigurationList;
			buildConfigurations = (
				5C1CBD8425523F3500FC9EDE /* Debug */,
				5C1CBD8525523F3500FC9EDE /* Release */,
			);
			defaultConfigurationIsVisible = 0;
			defaultConfigurationName = Release;
		};
		5C1CBD8625523F3500FC9EDE /* Build configuration list for PBXNativeTarget "Country" */ = {
			isa = XCConfigurationList;
			buildConfigurations = (
				5C1CBD8725523F3500FC9EDE /* Debug */,
				5C1CBD8825523F3500FC9EDE /* Release */,
			);
			defaultConfigurationIsVisible = 0;
			defaultConfigurationName = Release;
		};
/* End XCConfigurationList section */
	};
	rootObject = 5C1CBD6F25523F3200FC9EDE /* Project object */;
}
